
Microsoft Visual Studio Solution File, Format Version 12.00
# Visual Studio Version 17
VisualStudioVersion = 17.14.36310.24
MinimumVisualStudioVersion = 10.0.40219.1
Project("{FAE04EC0-301F-11D3-BF4B-00C04F79EFBC}") = "Demo1", "Demo1\Demo1.csproj", "{26E7B209-1867-484A-AE6B-542E04DC365D}"
EndProject
Project("{FAE04EC0-301F-11D3-BF4B-00C04F79EFBC}") = "Demo2", "Demo2\Demo2.csproj", "{878B9D51-B255-459B-9AC1-CEFFBCF3F85C}"
EndProject
Global
	GlobalSection(SolutionConfigurationPlatforms) = preSolution
		Debug|Any CPU = Debug|Any CPU
		Release|Any CPU = Release|Any CPU
	EndGlobalSection
	GlobalSection(ProjectConfigurationPlatforms) = postSolution
		{26E7B209-1867-484A-AE6B-542E04DC365D}.Debug|Any CPU.ActiveCfg = Debug|Any CPU
		{26E7B209-1867-484A-AE6B-542E04DC365D}.Debug|Any CPU.Build.0 = Debug|Any CPU
		{26E7B209-1867-484A-AE6B-542E04DC365D}.Release|Any CPU.ActiveCfg = Release|Any CPU
		{26E7B209-1867-484A-AE6B-542E04DC365D}.Release|Any CPU.Build.0 = Release|Any CPU
		{878B9D51-B255-459B-9AC1-CEFFBCF3F85C}.Debug|Any CPU.ActiveCfg = Debug|Any CPU
		{878B9D51-B255-459B-9AC1-CEFFBCF3F85C}.Debug|Any CPU.Build.0 = Debug|Any CPU
		{878B9D51-B255-459B-9AC1-CEFFBCF3F85C}.Release|Any CPU.ActiveCfg = Release|Any CPU
		{878B9D51-B255-459B-9AC1-CEFFBCF3F85C}.Release|Any CPU.Build.0 = Release|Any CPU
	EndGlobalSection
	GlobalSection(SolutionProperties) = preSolution
		HideSolutionNode = FALSE
	EndGlobalSection
	GlobalSection(ExtensibilityGlobals) = postSolution
		SolutionGuid = {7D0B7786-1891-4E91-8D18-C26EE31CA3D4}
	EndGlobalSection
EndGlobal
